
Microsoft Visual Studio Solution File, Format Version 12.00
# Visual Studio Version 17
VisualStudioVersion = 17.10.35004.147
MinimumVisualStudioVersion = 10.0.40219.1
Project("{FAE04EC0-301F-11D3-BF4B-00C04F79EFBC}") = "klassenTest", "klassenTest\klassenTest.csproj", "{AD7756DA-EF62-4E9B-8A8F-AD5106F0F708}"
EndProject
Global
	GlobalSection(SolutionConfigurationPlatforms) = preSolution
		Debug|Any CPU = Debug|Any CPU
		Release|Any CPU = Release|Any CPU
	EndGlobalSection
	GlobalSection(ProjectConfigurationPlatforms) = postSolution
		{AD7756DA-EF62-4E9B-8A8F-AD5106F0F708}.Debug|Any CPU.ActiveCfg = Debug|Any CPU
		{AD7756DA-EF62-4E9B-8A8F-AD5106F0F708}.Debug|Any CPU.Build.0 = Debug|Any CPU
		{AD7756DA-EF62-4E9B-8A8F-AD5106F0F708}.Release|Any CPU.ActiveCfg = Release|Any CPU
		{AD7756DA-EF62-4E9B-8A8F-AD5106F0F708}.Release|Any CPU.Build.0 = Release|Any CPU
	EndGlobalSection
	GlobalSection(SolutionProperties) = preSolution
		HideSolutionNode = FALSE
	EndGlobalSection
	GlobalSection(ExtensibilityGlobals) = postSolution
		SolutionGuid = {78C7F4EE-EC26-4F8B-877B-96AFDB9DA700}
	EndGlobalSection
EndGlobal
